
Microsoft Visual Studio Solution File, Format Version 11.00
# Visual Studio 2010
Project("{FAE04EC0-301F-11D3-BF4B-00C04F79EFBC}") = "Fungus Otaku kara hiro made", "Assembly-CSharp.csproj", "{0ACD33F2-AC03-69FE-34F2-14FD943728F2}"
EndProject
Project("{FAE04EC0-301F-11D3-BF4B-00C04F79EFBC}") = "Fungus Otaku kara hiro made", "Assembly-CSharp-Editor.csproj", "{B7BC9F82-B85D-9D5E-4800-58BB6B78DE6D}"
EndProject
Global
	GlobalSection(SolutionConfigurationPlatforms) = preSolution
		Debug|Any CPU = Debug|Any CPU
		Release|Any CPU = Release|Any CPU
	EndGlobalSection
	GlobalSection(ProjectConfigurationPlatforms) = postSolution
		{0ACD33F2-AC03-69FE-34F2-14FD943728F2}.Debug|Any CPU.ActiveCfg = Debug|Any CPU
		{0ACD33F2-AC03-69FE-34F2-14FD943728F2}.Debug|Any CPU.Build.0 = Debug|Any CPU
		{0ACD33F2-AC03-69FE-34F2-14FD943728F2}.Release|Any CPU.ActiveCfg = Release|Any CPU
		{0ACD33F2-AC03-69FE-34F2-14FD943728F2}.Release|Any CPU.Build.0 = Release|Any CPU
		{B7BC9F82-B85D-9D5E-4800-58BB6B78DE6D}.Debug|Any CPU.ActiveCfg = Debug|Any CPU
		{B7BC9F82-B85D-9D5E-4800-58BB6B78DE6D}.Debug|Any CPU.Build.0 = Debug|Any CPU
		{B7BC9F82-B85D-9D5E-4800-58BB6B78DE6D}.Release|Any CPU.ActiveCfg = Release|Any CPU
		{B7BC9F82-B85D-9D5E-4800-58BB6B78DE6D}.Release|Any CPU.Build.0 = Release|Any CPU
	EndGlobalSection
	GlobalSection(SolutionProperties) = preSolution
		HideSolutionNode = FALSE
	EndGlobalSection
	GlobalSection(MonoDevelopProperties) = preSolution
		StartupItem = Assembly-CSharp.csproj
	EndGlobalSection
EndGlobal
